
Microsoft Visual Studio Solution File, Format Version 12.00
# Visual Studio 15
VisualStudioVersion = 15.0.27004.2002
MinimumVisualStudioVersion = 10.0.40219.1
Project("{FAE04EC0-301F-11D3-BF4B-00C04F79EFBC}") = "CrawlerDotNet.Core", "Crawler\CrawlerDotNet.Core.csproj", "{2F97C354-D163-418A-8380-71101FE46F96}"
EndProject
Project("{FAE04EC0-301F-11D3-BF4B-00C04F79EFBC}") = "Crawler.Core.Test", "Crawler.Core.Test\Crawler.Core.Test.csproj", "{1B4F40BA-A7A7-4442-8C90-3084C32202DD}"
EndProject
Project("{FAE04EC0-301F-11D3-BF4B-00C04F79EFBC}") = "Crawler.Core.Sample", "Crawler.Core.Sample\Crawler.Core.Sample.csproj", "{1DBB791C-D2C1-494D-956F-F42791D6781C}"
EndProject
Project("{FAE04EC0-301F-11D3-BF4B-00C04F79EFBC}") = "panda", "panda\panda.csproj", "{037366A3-8723-4315-9158-27842A5AAD28}"
	ProjectSection(ProjectDependencies) = postProject
		{2F97C354-D163-418A-8380-71101FE46F96} = {2F97C354-D163-418A-8380-71101FE46F96}
	EndProjectSection
EndProject
Project("{FAE04EC0-301F-11D3-BF4B-00C04F79EFBC}") = "douyu", "douyu\douyu.csproj", "{B8FCD4A1-6860-460B-BD22-147D83097B12}"
EndProject
Project("{FAE04EC0-301F-11D3-BF4B-00C04F79EFBC}") = "huya", "huya\huya.csproj", "{BC04B5FD-28CC-4C73-9AB8-D55A0EC39231}"
	ProjectSection(ProjectDependencies) = postProject
		{2F97C354-D163-418A-8380-71101FE46F96} = {2F97C354-D163-418A-8380-71101FE46F96}
	EndProjectSection
EndProject
Project("{FAE04EC0-301F-11D3-BF4B-00C04F79EFBC}") = "zhanqi", "zhanqi\zhanqi.csproj", "{86F27AD1-8439-4F14-986C-BFEA2CC55BEB}"
EndProject
Project("{FAE04EC0-301F-11D3-BF4B-00C04F79EFBC}") = "longzhu", "longzhu\longzhu.csproj", "{BDE2CC7A-73D3-4A08-A745-2B33EA028857}"
EndProject
Project("{FAE04EC0-301F-11D3-BF4B-00C04F79EFBC}") = "quanmin", "quanmin\quanmin.csproj", "{4C3D73FA-5DEF-4F2B-9CDC-AF8326651A0B}"
EndProject
Project("{FAE04EC0-301F-11D3-BF4B-00C04F79EFBC}") = "chushou", "chushou\chushou.csproj", "{0951EA1A-295B-4B63-AF91-3F3856CCB821}"
EndProject
Project("{FAE04EC0-301F-11D3-BF4B-00C04F79EFBC}") = "yy2017cere", "yy2017cere\yy2017cere.csproj", "{8A46F1B9-4BD1-4A5D-BCD4-BFC6E6744F2E}"
EndProject
Global
	GlobalSection(SolutionConfigurationPlatforms) = preSolution
		Debug|Any CPU = Debug|Any CPU
		Release|Any CPU = Release|Any CPU
	EndGlobalSection
	GlobalSection(ProjectConfigurationPlatforms) = postSolution
		{2F97C354-D163-418A-8380-71101FE46F96}.Debug|Any CPU.ActiveCfg = Debug|Any CPU
		{2F97C354-D163-418A-8380-71101FE46F96}.Debug|Any CPU.Build.0 = Debug|Any CPU
		{2F97C354-D163-418A-8380-71101FE46F96}.Release|Any CPU.ActiveCfg = Release|Any CPU
		{2F97C354-D163-418A-8380-71101FE46F96}.Release|Any CPU.Build.0 = Release|Any CPU
		{1B4F40BA-A7A7-4442-8C90-3084C32202DD}.Debug|Any CPU.ActiveCfg = Debug|Any CPU
		{1B4F40BA-A7A7-4442-8C90-3084C32202DD}.Debug|Any CPU.Build.0 = Debug|Any CPU
		{1B4F40BA-A7A7-4442-8C90-3084C32202DD}.Release|Any CPU.ActiveCfg = Release|Any CPU
		{1B4F40BA-A7A7-4442-8C90-3084C32202DD}.Release|Any CPU.Build.0 = Release|Any CPU
		{1DBB791C-D2C1-494D-956F-F42791D6781C}.Debug|Any CPU.ActiveCfg = Debug|Any CPU
		{1DBB791C-D2C1-494D-956F-F42791D6781C}.Debug|Any CPU.Build.0 = Debug|Any CPU
		{1DBB791C-D2C1-494D-956F-F42791D6781C}.Release|Any CPU.ActiveCfg = Release|Any CPU
		{1DBB791C-D2C1-494D-956F-F42791D6781C}.Release|Any CPU.Build.0 = Release|Any CPU
		{037366A3-8723-4315-9158-27842A5AAD28}.Debug|Any CPU.ActiveCfg = Debug|Any CPU
		{037366A3-8723-4315-9158-27842A5AAD28}.Debug|Any CPU.Build.0 = Debug|Any CPU
		{037366A3-8723-4315-9158-27842A5AAD28}.Release|Any CPU.ActiveCfg = Release|Any CPU
		{037366A3-8723-4315-9158-27842A5AAD28}.Release|Any CPU.Build.0 = Release|Any CPU
		{B8FCD4A1-6860-460B-BD22-147D83097B12}.Debug|Any CPU.ActiveCfg = Debug|Any CPU
		{B8FCD4A1-6860-460B-BD22-147D83097B12}.Debug|Any CPU.Build.0 = Debug|Any CPU
		{B8FCD4A1-6860-460B-BD22-147D83097B12}.Release|Any CPU.ActiveCfg = Release|Any CPU
		{B8FCD4A1-6860-460B-BD22-147D83097B12}.Release|Any CPU.Build.0 = Release|Any CPU
		{BC04B5FD-28CC-4C73-9AB8-D55A0EC39231}.Debug|Any CPU.ActiveCfg = Debug|Any CPU
		{BC04B5FD-28CC-4C73-9AB8-D55A0EC39231}.Debug|Any CPU.Build.0 = Debug|Any CPU
		{BC04B5FD-28CC-4C73-9AB8-D55A0EC39231}.Release|Any CPU.ActiveCfg = Release|Any CPU
		{BC04B5FD-28CC-4C73-9AB8-D55A0EC39231}.Release|Any CPU.Build.0 = Release|Any CPU
		{86F27AD1-8439-4F14-986C-BFEA2CC55BEB}.Debug|Any CPU.ActiveCfg = Debug|Any CPU
		{86F27AD1-8439-4F14-986C-BFEA2CC55BEB}.Debug|Any CPU.Build.0 = Debug|Any CPU
		{86F27AD1-8439-4F14-986C-BFEA2CC55BEB}.Release|Any CPU.ActiveCfg = Release|Any CPU
		{86F27AD1-8439-4F14-986C-BFEA2CC55BEB}.Release|Any CPU.Build.0 = Release|Any CPU
		{BDE2CC7A-73D3-4A08-A745-2B33EA028857}.Debug|Any CPU.ActiveCfg = Debug|Any CPU
		{BDE2CC7A-73D3-4A08-A745-2B33EA028857}.Debug|Any CPU.Build.0 = Debug|Any CPU
		{BDE2CC7A-73D3-4A08-A745-2B33EA028857}.Release|Any CPU.ActiveCfg = Release|Any CPU
		{BDE2CC7A-73D3-4A08-A745-2B33EA028857}.Release|Any CPU.Build.0 = Release|Any CPU
		{4C3D73FA-5DEF-4F2B-9CDC-AF8326651A0B}.Debug|Any CPU.ActiveCfg = Debug|Any CPU
		{4C3D73FA-5DEF-4F2B-9CDC-AF8326651A0B}.Debug|Any CPU.Build.0 = Debug|Any CPU
		{4C3D73FA-5DEF-4F2B-9CDC-AF8326651A0B}.Release|Any CPU.ActiveCfg = Release|Any CPU
		{4C3D73FA-5DEF-4F2B-9CDC-AF8326651A0B}.Release|Any CPU.Build.0 = Release|Any CPU
		{0951EA1A-295B-4B63-AF91-3F3856CCB821}.Debug|Any CPU.ActiveCfg = Debug|Any CPU
		{0951EA1A-295B-4B63-AF91-3F3856CCB821}.Debug|Any CPU.Build.0 = Debug|Any CPU
		{0951EA1A-295B-4B63-AF91-3F3856CCB821}.Release|Any CPU.ActiveCfg = Release|Any CPU
		{0951EA1A-295B-4B63-AF91-3F3856CCB821}.Release|Any CPU.Build.0 = Release|Any CPU
		{8A46F1B9-4BD1-4A5D-BCD4-BFC6E6744F2E}.Debug|Any CPU.ActiveCfg = Debug|Any CPU
		{8A46F1B9-4BD1-4A5D-BCD4-BFC6E6744F2E}.Debug|Any CPU.Build.0 = Debug|Any CPU
		{8A46F1B9-4BD1-4A5D-BCD4-BFC6E6744F2E}.Release|Any CPU.ActiveCfg = Release|Any CPU
		{8A46F1B9-4BD1-4A5D-BCD4-BFC6E6744F2E}.Release|Any CPU.Build.0 = Release|Any CPU
	EndGlobalSection
	GlobalSection(SolutionProperties) = preSolution
		HideSolutionNode = FALSE
	EndGlobalSection
	GlobalSection(ExtensibilityGlobals) = postSolution
		SolutionGuid = {7992BF0F-BDCC-4B3A-AC38-D804CAEA2186}
	EndGlobalSection
EndGlobal
